
Microsoft Visual Studio Solution File, Format Version 12.00
# Visual Studio Version 16
VisualStudioVersion = 16.0.31729.503
MinimumVisualStudioVersion = 10.0.40219.1
Project("{FAE04EC0-301F-11D3-BF4B-00C04F79EFBC}") = "EX1", "EX1.csproj", "{D645C24C-6269-4B8F-9F4F-D5030F27B513}"
EndProject
Global
	GlobalSection(SolutionConfigurationPlatforms) = preSolution
		Debug|Any CPU = Debug|Any CPU
		Release|Any CPU = Release|Any CPU
	EndGlobalSection
	GlobalSection(ProjectConfigurationPlatforms) = postSolution
		{D645C24C-6269-4B8F-9F4F-D5030F27B513}.Debug|Any CPU.ActiveCfg = Debug|Any CPU
		{D645C24C-6269-4B8F-9F4F-D5030F27B513}.Debug|Any CPU.Build.0 = Debug|Any CPU
		{D645C24C-6269-4B8F-9F4F-D5030F27B513}.Release|Any CPU.ActiveCfg = Release|Any CPU
		{D645C24C-6269-4B8F-9F4F-D5030F27B513}.Release|Any CPU.Build.0 = Release|Any CPU
	EndGlobalSection
	GlobalSection(SolutionProperties) = preSolution
		HideSolutionNode = FALSE
	EndGlobalSection
	GlobalSection(ExtensibilityGlobals) = postSolution
		SolutionGuid = {B280BEA9-A5F1-4B0B-9570-7D48899993EB}
	EndGlobalSection
EndGlobal
